// !$*UTF8*$!
{
	archiveVersion = 1;
	classes = {
	};
	objectVersion = 50;
	objects = {

/* Begin PBXBuildFile section */
		AAB2353B20E5103B00D09764 /* AppDelegate.swift in Sources */ = {isa = PBXBuildFile; fileRef = AAB2353A20E5103B00D09764 /* AppDelegate.swift */; };
		AAB2353D20E5103B00D09764 /* ViewController.swift in Sources */ = {isa = PBXBuildFile; fileRef = AAB2353C20E5103B00D09764 /* ViewController.swift */; };
		AAB2354020E5103B00D09764 /* Main.storyboard in Resources */ = {isa = PBXBuildFile; fileRef = AAB2353E20E5103B00D09764 /* Main.storyboard */; };
		AAB2354220E5103D00D09764 /* Assets.xcassets in Resources */ = {isa = PBXBuildFile; fileRef = AAB2354120E5103D00D09764 /* Assets.xcassets */; };
		AAB2354520E5103D00D09764 /* LaunchScreen.storyboard in Resources */ = {isa = PBXBuildFile; fileRef = AAB2354320E5103D00D09764 /* LaunchScreen.storyboard */; };
		AAB2355020E5103D00D09764 /* CDCoreDataFileSystemBlobTests.swift in Sources */ = {isa = PBXBuildFile; fileRef = AAB2354F20E5103D00D09764 /* CDCoreDataFileSystemBlobTests.swift */; };
		AAB2355C20E510B500D09764 /* CDCoreDataFileSystemBlob.swift in Sources */ = {isa = PBXBuildFile; fileRef = AAB2355B20E510B500D09764 /* CDCoreDataFileSystemBlob.swift */; };
		AAB2355E20E5110C00D09764 /* CDCoreDataFileSystemBlob.podspec in Resources */ = {isa = PBXBuildFile; fileRef = AAB2355D20E5110C00D09764 /* CDCoreDataFileSystemBlob.podspec */; };
		AAB2356020E5120700D09764 /* README.md in Resources */ = {isa = PBXBuildFile; fileRef = AAB2355F20E5120700D09764 /* README.md */; };
/* End PBXBuildFile section */

/* Begin PBXContainerItemProxy section */
		AAB2354C20E5103D00D09764 /* PBXContainerItemProxy */ = {
			isa = PBXContainerItemProxy;
			containerPortal = AAB2352F20E5103B00D09764 /* Project object */;
			proxyType = 1;
			remoteGlobalIDString = AAB2353620E5103B00D09764;
			remoteInfo = CDCoreDataFileSystemBlob;
		};
/* End PBXContainerItemProxy section */

/* Begin PBXFileReference section */
		AAB2353720E5103B00D09764 /* CDCoreDataFileSystemBlob.app */ = {isa = PBXFileReference; explicitFileType = wrapper.application; includeInIndex = 0; path = CDCoreDataFileSystemBlob.app; sourceTree = BUILT_PRODUCTS_DIR; };
		AAB2353A20E5103B00D09764 /* AppDelegate.swift */ = {isa = PBXFileReference; lastKnownFileType = sourcecode.swift; path = AppDelegate.swift; sourceTree = "<group>"; };
		AAB2353C20E5103B00D09764 /* ViewController.swift */ = {isa = PBXFileReference; lastKnownFileType = sourcecode.swift; path = ViewController.swift; sourceTree = "<group>"; };
		AAB2353F20E5103B00D09764 /* Base */ = {isa = PBXFileReference; lastKnownFileType = file.storyboard; name = Base; path = Base.lproj/Main.storyboard; sourceTree = "<group>"; };
		AAB2354120E5103D00D09764 /* Assets.xcassets */ = {isa = PBXFileReference; lastKnownFileType = folder.assetcatalog; path = Assets.xcassets; sourceTree = "<group>"; };
		AAB2354420E5103D00D09764 /* Base */ = {isa = PBXFileReference; lastKnownFileType = file.storyboard; name = Base; path = Base.lproj/LaunchScreen.storyboard; sourceTree = "<group>"; };
		AAB2354620E5103D00D09764 /* Info.plist */ = {isa = PBXFileReference; lastKnownFileType = text.plist.xml; path = Info.plist; sourceTree = "<group>"; };
		AAB2354B20E5103D00D09764 /* CDCoreDataFileSystemBlobTests.xctest */ = {isa = PBXFileReference; explicitFileType = wrapper.cfbundle; includeInIndex = 0; path = CDCoreDataFileSystemBlobTests.xctest; sourceTree = BUILT_PRODUCTS_DIR; };
		AAB2354F20E5103D00D09764 /* CDCoreDataFileSystemBlobTests.swift */ = {isa = PBXFileReference; lastKnownFileType = sourcecode.swift; path = CDCoreDataFileSystemBlobTests.swift; sourceTree = "<group>"; };
		AAB2355120E5103D00D09764 /* Info.plist */ = {isa = PBXFileReference; lastKnownFileType = text.plist.xml; path = Info.plist; sourceTree = "<group>"; };
		AAB2355B20E510B500D09764 /* CDCoreDataFileSystemBlob.swift */ = {isa = PBXFileReference; fileEncoding = 4; lastKnownFileType = sourcecode.swift; path = CDCoreDataFileSystemBlob.swift; sourceTree = "<group>"; };
		AAB2355D20E5110C00D09764 /* CDCoreDataFileSystemBlob.podspec */ = {isa = PBXFileReference; fileEncoding = 4; lastKnownFileType = text; path = CDCoreDataFileSystemBlob.podspec; sourceTree = "<group>"; };
		AAB2355F20E5120700D09764 /* README.md */ = {isa = PBXFileReference; fileEncoding = 4; lastKnownFileType = net.daringfireball.markdown; path = README.md; sourceTree = "<group>"; };
/* End PBXFileReference section */

/* Begin PBXFrameworksBuildPhase section */
		AAB2353420E5103B00D09764 /* Frameworks */ = {
			isa = PBXFrameworksBuildPhase;
			buildActionMask = 2147483647;
			files = (
			);
			runOnlyForDeploymentPostprocessing = 0;
		};
		AAB2354820E5103D00D09764 /* Frameworks */ = {
			isa = PBXFrameworksBuildPhase;
			buildActionMask = 2147483647;
			files = (
			);
			runOnlyForDeploymentPostprocessing = 0;
		};
/* End PBXFrameworksBuildPhase section */

/* Begin PBXGroup section */
		AAB2352E20E5103B00D09764 = {
			isa = PBXGroup;
			children = (
				AAB2355F20E5120700D09764 /* README.md */,
				AAB2355D20E5110C00D09764 /* CDCoreDataFileSystemBlob.podspec */,
				AAB2355A20E5107B00D09764 /* Source */,
				AAB2353920E5103B00D09764 /* ExampleApp */,
				AAB2354E20E5103D00D09764 /* CDCoreDataFileSystemBlobTests */,
				AAB2353820E5103B00D09764 /* Products */,
			);
			sourceTree = "<group>";
		};
		AAB2353820E5103B00D09764 /* Products */ = {
			isa = PBXGroup;
			children = (
				AAB2353720E5103B00D09764 /* CDCoreDataFileSystemBlob.app */,
				AAB2354B20E5103D00D09764 /* CDCoreDataFileSystemBlobTests.xctest */,
			);
			name = Products;
			sourceTree = "<group>";
		};
		AAB2353920E5103B00D09764 /* ExampleApp */ = {
			isa = PBXGroup;
			children = (
				AAB2353A20E5103B00D09764 /* AppDelegate.swift */,
				AAB2353C20E5103B00D09764 /* ViewController.swift */,
				AAB2353E20E5103B00D09764 /* Main.storyboard */,
				AAB2354120E5103D00D09764 /* Assets.xcassets */,
				AAB2354320E5103D00D09764 /* LaunchScreen.storyboard */,
				AAB2354620E5103D00D09764 /* Info.plist */,
			);
			path = ExampleApp;
			sourceTree = "<group>";
		};
		AAB2354E20E5103D00D09764 /* CDCoreDataFileSystemBlobTests */ = {
			isa = PBXGroup;
			children = (
				AAB2354F20E5103D00D09764 /* CDCoreDataFileSystemBlobTests.swift */,
				AAB2355120E5103D00D09764 /* Info.plist */,
			);
			path = CDCoreDataFileSystemBlobTests;
			sourceTree = "<group>";
		};
		AAB2355A20E5107B00D09764 /* Source */ = {
			isa = PBXGroup;
			children = (
				AAB2355B20E510B500D09764 /* CDCoreDataFileSystemBlob.swift */,
			);
			path = Source;
			sourceTree = "<group>";
		};
/* End PBXGroup section */

/* Begin PBXNativeTarget section */
		AAB2353620E5103B00D09764 /* CDCoreDataFileSystemBlob */ = {
			isa = PBXNativeTarget;
			buildConfigurationList = AAB2355420E5103D00D09764 /* Build configuration list for PBXNativeTarget "CDCoreDataFileSystemBlob" */;
			buildPhases = (
				AAB2353320E5103B00D09764 /* Sources */,
				AAB2353420E5103B00D09764 /* Frameworks */,
				AAB2353520E5103B00D09764 /* Resources */,
			);
			buildRules = (
			);
			dependencies = (
			);
			name = CDCoreDataFileSystemBlob;
			productName = CDCoreDataFileSystemBlob;
			productReference = AAB2353720E5103B00D09764 /* CDCoreDataFileSystemBlob.app */;
			productType = "com.apple.product-type.application";
		};
		AAB2354A20E5103D00D09764 /* CDCoreDataFileSystemBlobTests */ = {
			isa = PBXNativeTarget;
			buildConfigurationList = AAB2355720E5103D00D09764 /* Build configuration list for PBXNativeTarget "CDCoreDataFileSystemBlobTests" */;
			buildPhases = (
				AAB2354720E5103D00D09764 /* Sources */,
				AAB2354820E5103D00D09764 /* Frameworks */,
				AAB2354920E5103D00D09764 /* Resources */,
			);
			buildRules = (
			);
			dependencies = (
				AAB2354D20E5103D00D09764 /* PBXTargetDependency */,
			);
			name = CDCoreDataFileSystemBlobTests;
			productName = CDCoreDataFileSystemBlobTests;
			productReference = AAB2354B20E5103D00D09764 /* CDCoreDataFileSystemBlobTests.xctest */;
			productType = "com.apple.product-type.bundle.unit-test";
		};
/* End PBXNativeTarget section */

/* Begin PBXProject section */
		AAB2352F20E5103B00D09764 /* Project object */ = {
			isa = PBXProject;
			attributes = {
				LastSwiftUpdateCheck = 0940;
				LastUpgradeCheck = 0940;
				ORGANIZATIONNAME = "Christian Deckert";
				TargetAttributes = {
					AAB2353620E5103B00D09764 = {
						CreatedOnToolsVersion = 9.4.1;
					};
					AAB2354A20E5103D00D09764 = {
						CreatedOnToolsVersion = 9.4.1;
						TestTargetID = AAB2353620E5103B00D09764;
					};
				};
			};
			buildConfigurationList = AAB2353220E5103B00D09764 /* Build configuration list for PBXProject "CDCoreDataFileSystemBlob" */;
			compatibilityVersion = "Xcode 9.3";
			developmentRegion = en;
			hasScannedForEncodings = 0;
			knownRegions = (
				en,
				Base,
			);
			mainGroup = AAB2352E20E5103B00D09764;
			productRefGroup = AAB2353820E5103B00D09764 /* Products */;
			projectDirPath = "";
			projectRoot = "";
			targets = (
				AAB2353620E5103B00D09764 /* CDCoreDataFileSystemBlob */,
				AAB2354A20E5103D00D09764 /* CDCoreDataFileSystemBlobTests */,
			);
		};
/* End PBXProject section */

/* Begin PBXResourcesBuildPhase section */
		AAB2353520E5103B00D09764 /* Resources */ = {
			isa = PBXResourcesBuildPhase;
			buildActionMask = 2147483647;
			files = (
				AAB2355E20E5110C00D09764 /* CDCoreDataFileSystemBlob.podspec in Resources */,
				AAB2354520E5103D00D09764 /* LaunchScreen.storyboard in Resources */,
				AAB2356020E5120700D09764 /* README.md in Resources */,
				AAB2354220E5103D00D09764 /* Assets.xcassets in Resources */,
				AAB2354020E5103B00D09764 /* Main.storyboard in Resources */,
			);
			runOnlyForDeploymentPostprocessing = 0;
		};
		AAB2354920E5103D00D09764 /* Resources */ = {
			isa = PBXResourcesBuildPhase;
			buildActionMask = 2147483647;
			files = (
			);
			runOnlyForDeploymentPostprocessing = 0;
		};
/* End PBXResourcesBuildPhase section */

/* Begin PBXSourcesBuildPhase section */
		AAB2353320E5103B00D09764 /* Sources */ = {
			isa = PBXSourcesBuildPhase;
			buildActionMask = 2147483647;
			files = (
				AAB2353D20E5103B00D09764 /* ViewController.swift in Sources */,
				AAB2353B20E5103B00D09764 /* AppDelegate.swift in Sources */,
				AAB2355C20E510B500D09764 /* CDCoreDataFileSystemBlob.swift in Sources */,
			);
			runOnlyForDeploymentPostprocessing = 0;
		};
		AAB2354720E5103D00D09764 /* Sources */ = {
			isa = PBXSourcesBuildPhase;
			buildActionMask = 2147483647;
			files = (
				AAB2355020E5103D00D09764 /* CDCoreDataFileSystemBlobTests.swift in Sources */,
			);
			runOnlyForDeploymentPostprocessing = 0;
		};
/* End PBXSourcesBuildPhase section */

/* Begin PBXTargetDependency section */
		AAB2354D20E5103D00D09764 /* PBXTargetDependency */ = {
			isa = PBXTargetDependency;
			target = AAB2353620E5103B00D09764 /* CDCoreDataFileSystemBlob */;
			targetProxy = AAB2354C20E5103D00D09764 /* PBXContainerItemProxy */;
		};
/* End PBXTargetDependency section */

/* Begin PBXVariantGroup section */
		AAB2353E20E5103B00D09764 /* Main.storyboard */ = {
			isa = PBXVariantGroup;
			children = (
				AAB2353F20E5103B00D09764 /* Base */,
			);
			name = Main.storyboard;
			sourceTree = "<group>";
		};
		AAB2354320E5103D00D09764 /* LaunchScreen.storyboard */ = {
			isa = PBXVariantGroup;
			children = (
				AAB2354420E5103D00D09764 /* Base */,
			);
			name = LaunchScreen.storyboard;
			sourceTree = "<group>";
		};
/* End PBXVariantGroup section */

/* Begin XCBuildConfiguration section */
		AAB2355220E5103D00D09764 /* Debug */ = {
			isa = XCBuildConfiguration;
			buildSettings = {
				ALWAYS_SEARCH_USER_PATHS = NO;
				CLANG_ANALYZER_NONNULL = YES;
				CLANG_ANALYZER_NUMBER_OBJECT_CONVERSION = YES_AGGRESSIVE;
				CLANG_CXX_LANGUAGE_STANDARD = "gnu++14";
				CLANG_CXX_LIBRARY = "libc++";
				CLANG_ENABLE_MODULES = YES;
				CLANG_ENABLE_OBJC_ARC = YES;
				CLANG_ENABLE_OBJC_WEAK = YES;
				CLANG_WARN_BLOCK_CAPTURE_AUTORELEASING = YES;
				CLANG_WARN_BOOL_CONVERSION = YES;
				CLANG_WARN_COMMA = YES;
				CLANG_WARN_CONSTANT_CONVERSION = YES;
				CLANG_WARN_DEPRECATED_OBJC_IMPLEMENTATIONS = YES;
				CLANG_WARN_DIRECT_OBJC_ISA_USAGE = YES_ERROR;
				CLANG_WARN_DOCUMENTATION_COMMENTS = YES;
				CLANG_WARN_EMPTY_BODY = YES;
				CLANG_WARN_ENUM_CONVERSION = YES;
				CLANG_WARN_INFINITE_RECURSION = YES;
				CLANG_WARN_INT_CONVERSION = YES;
				CLANG_WARN_NON_LITERAL_NULL_CONVERSION = YES;
				CLANG_WARN_OBJC_IMPLICIT_RETAIN_SELF = YES;
				CLANG_WARN_OBJC_LITERAL_CONVERSION = YES;
				CLANG_WARN_OBJC_ROOT_CLASS = YES_ERROR;
				CLANG_WARN_RANGE_LOOP_ANALYSIS = YES;
				CLANG_WARN_STRICT_PROTOTYPES = YES;
				CLANG_WARN_SUSPICIOUS_MOVE = YES;
				CLANG_WARN_UNGUARDED_AVAILABILITY = YES_AGGRESSIVE;
				CLANG_WARN_UNREACHABLE_CODE = YES;
				CLANG_WARN__DUPLICATE_METHOD_MATCH = YES;
				CODE_SIGN_IDENTITY = "iPhone Developer";
				COPY_PHASE_STRIP = NO;
				DEBUG_INFORMATION_FORMAT = dwarf;
				ENABLE_STRICT_OBJC_MSGSEND = YES;
				ENABLE_TESTABILITY = YES;
				GCC_C_LANGUAGE_STANDARD = gnu11;
				GCC_DYNAMIC_NO_PIC = NO;
				GCC_NO_COMMON_BLOCKS = YES;
				GCC_OPTIMIZATION_LEVEL = 0;
				GCC_PREPROCESSOR_DEFINITIONS = (
					"DEBUG=1",
					"$(inherited)",
				);
				GCC_WARN_64_TO_32_BIT_CONVERSION = YES;
				GCC_WARN_ABOUT_RETURN_TYPE = YES_ERROR;
				GCC_WARN_UNDECLARED_SELECTOR = YES;
				GCC_WARN_UNINITIALIZED_AUTOS = YES_AGGRESSIVE;
				GCC_WARN_UNUSED_FUNCTION = YES;
				GCC_WARN_UNUSED_VARIABLE = YES;
				IPHONEOS_DEPLOYMENT_TARGET = 11.4;
				MTL_ENABLE_DEBUG_INFO = YES;
				ONLY_ACTIVE_ARCH = YES;
				SDKROOT = iphoneos;
				SWIFT_ACTIVE_COMPILATION_CONDITIONS = DEBUG;
				SWIFT_OPTIMIZATION_LEVEL = "-Onone";
			};
			name = Debug;
		};
		AAB2355320E5103D00D09764 /* Release */ = {
			isa = XCBuildConfiguration;
			buildSettings = {
				ALWAYS_SEARCH_USER_PATHS = NO;
				CLANG_ANALYZER_NONNULL = YES;
				CLANG_ANALYZER_NUMBER_OBJECT_CONVERSION = YES_AGGRESSIVE;
				CLANG_CXX_LANGUAGE_STANDARD = "gnu++14";
				CLANG_CXX_LIBRARY = "libc++";
				CLANG_ENABLE_MODULES = YES;
				CLANG_ENABLE_OBJC_ARC = YES;
				CLANG_ENABLE_OBJC_WEAK = YES;
				CLANG_WARN_BLOCK_CAPTURE_AUTORELEASING = YES;
				CLANG_WARN_BOOL_CONVERSION = YES;
				CLANG_WARN_COMMA = YES;
				CLANG_WARN_CONSTANT_CONVERSION = YES;
				CLANG_WARN_DEPRECATED_OBJC_IMPLEMENTATIONS = YES;
				CLANG_WARN_DIRECT_OBJC_ISA_USAGE = YES_ERROR;
				CLANG_WARN_DOCUMENTATION_COMMENTS = YES;
				CLANG_WARN_EMPTY_BODY = YES;
				CLANG_WARN_ENUM_CONVERSION = YES;
				CLANG_WARN_INFINITE_RECURSION = YES;
				CLANG_WARN_INT_CONVERSION = YES;
				CLANG_WARN_NON_LITERAL_NULL_CONVERSION = YES;
				CLANG_WARN_OBJC_IMPLICIT_RETAIN_SELF = YES;
				CLANG_WARN_OBJC_LITERAL_CONVERSION = YES;
				CLANG_WARN_OBJC_ROOT_CLASS = YES_ERROR;
				CLANG_WARN_RANGE_LOOP_ANALYSIS = YES;
				CLANG_WARN_STRICT_PROTOTYPES = YES;
				CLANG_WARN_SUSPICIOUS_MOVE = YES;
				CLANG_WARN_UNGUARDED_AVAILABILITY = YES_AGGRESSIVE;
				CLANG_WARN_UNREACHABLE_CODE = YES;
				CLANG_WARN__DUPLICATE_METHOD_MATCH = YES;
				CODE_SIGN_IDENTITY = "iPhone Developer";
				COPY_PHASE_STRIP = NO;
				DEBUG_INFORMATION_FORMAT = "dwarf-with-dsym";
				ENABLE_NS_ASSERTIONS = NO;
				ENABLE_STRICT_OBJC_MSGSEND = YES;
				GCC_C_LANGUAGE_STANDARD = gnu11;
				GCC_NO_COMMON_BLOCKS = YES;
				GCC_WARN_64_TO_32_BIT_CONVERSION = YES;
				GCC_WARN_ABOUT_RETURN_TYPE = YES_ERROR;
				GCC_WARN_UNDECLARED_SELECTOR = YES;
				GCC_WARN_UNINITIALIZED_AUTOS = YES_AGGRESSIVE;
				GCC_WARN_UNUSED_FUNCTION = YES;
				GCC_WARN_UNUSED_VARIABLE = YES;
				IPHONEOS_DEPLOYMENT_TARGET = 11.4;
				MTL_ENABLE_DEBUG_INFO = NO;
				SDKROOT = iphoneos;
				SWIFT_COMPILATION_MODE = wholemodule;
				SWIFT_OPTIMIZATION_LEVEL = "-O";
				VALIDATE_PRODUCT = YES;
			};
			name = Release;
		};
		AAB2355520E5103D00D09764 /* Debug */ = {
			isa = XCBuildConfiguration;
			buildSettings = {
				ASSETCATALOG_COMPILER_APPICON_NAME = AppIcon;
				CODE_SIGN_STYLE = Automatic;
				DEVELOPMENT_TEAM = C7G26D2828;
				INFOPLIST_FILE = "$(SRCROOT)/ExampleApp/Info.plist";
				IPHONEOS_DEPLOYMENT_TARGET = 9.3;
				LD_RUNPATH_SEARCH_PATHS = (
					"$(inherited)",
					"@executable_path/Frameworks",
				);
				PRODUCT_BUNDLE_IDENTIFIER = com.christiandeckertapps.CDCoreDataFileSystemBlob;
				PRODUCT_NAME = "$(TARGET_NAME)";
				SWIFT_VERSION = 4.0;
				TARGETED_DEVICE_FAMILY = "1,2";
			};
			name = Debug;
		};
		AAB2355620E5103D00D09764 /* Release */ = {
			isa = XCBuildConfiguration;
			buildSettings = {
				ASSETCATALOG_COMPILER_APPICON_NAME = AppIcon;
				CODE_SIGN_STYLE = Automatic;
				DEVELOPMENT_TEAM = C7G26D2828;
				INFOPLIST_FILE = "$(SRCROOT)/ExampleApp/Info.plist";
				IPHONEOS_DEPLOYMENT_TARGET = 9.3;
				LD_RUNPATH_SEARCH_PATHS = (
					"$(inherited)",
					"@executable_path/Frameworks",
				);
				PRODUCT_BUNDLE_IDENTIFIER = com.christiandeckertapps.CDCoreDataFileSystemBlob;
				PRODUCT_NAME = "$(TARGET_NAME)";
				SWIFT_VERSION = 4.0;
				TARGETED_DEVICE_FAMILY = "1,2";
			};
			name = Release;
		};
		AAB2355820E5103D00D09764 /* Debug */ = {
			isa = XCBuildConfiguration;
			buildSettings = {
				ALWAYS_EMBED_SWIFT_STANDARD_LIBRARIES = YES;
				BUNDLE_LOADER = "$(TEST_HOST)";
				CODE_SIGN_STYLE = Automatic;
				DEVELOPMENT_TEAM = C7G26D2828;
				INFOPLIST_FILE = CDCoreDataFileSystemBlobTests/Info.plist;
				LD_RUNPATH_SEARCH_PATHS = (
					"$(inherited)",
					"@executable_path/Frameworks",
					"@loader_path/Frameworks",
				);
				PRODUCT_BUNDLE_IDENTIFIER = com.christiandeckertapps.CDCoreDataFileSystemBlobTests;
				PRODUCT_NAME = "$(TARGET_NAME)";
				SWIFT_VERSION = 4.0;
				TARGETED_DEVICE_FAMILY = "1,2";
				TEST_HOST = "$(BUILT_PRODUCTS_DIR)/CDCoreDataFileSystemBlob.app/CDCoreDataFileSystemBlob";
			};
			name = Debug;
		};
		AAB2355920E5103D00D09764 /* Release */ = {
			isa = XCBuildConfiguration;
			buildSettings = {
				ALWAYS_EMBED_SWIFT_STANDARD_LIBRARIES = YES;
				BUNDLE_LOADER = "$(TEST_HOST)";
				CODE_SIGN_STYLE = Automatic;
				DEVELOPMENT_TEAM = C7G26D2828;
				INFOPLIST_FILE = CDCoreDataFileSystemBlobTests/Info.plist;
				LD_RUNPATH_SEARCH_PATHS = (
					"$(inherited)",
					"@executable_path/Frameworks",
					"@loader_path/Frameworks",
				);
				PRODUCT_BUNDLE_IDENTIFIER = com.christiandeckertapps.CDCoreDataFileSystemBlobTests;
				PRODUCT_NAME = "$(TARGET_NAME)";
				SWIFT_VERSION = 4.0;
				TARGETED_DEVICE_FAMILY = "1,2";
				TEST_HOST = "$(BUILT_PRODUCTS_DIR)/CDCoreDataFileSystemBlob.app/CDCoreDataFileSystemBlob";
			};
			name = Release;
		};
/* End XCBuildConfiguration section */

/* Begin XCConfigurationList section */
		AAB2353220E5103B00D09764 /* Build configuration list for PBXProject "CDCoreDataFileSystemBlob" */ = {
			isa = XCConfigurationList;
			buildConfigurations = (
				AAB2355220E5103D00D09764 /* Debug */,
				AAB2355320E5103D00D09764 /* Release */,
			);
			defaultConfigurationIsVisible = 0;
			defaultConfigurationName = Release;
		};
		AAB2355420E5103D00D09764 /* Build configuration list for PBXNativeTarget "CDCoreDataFileSystemBlob" */ = {
			isa = XCConfigurationList;
			buildConfigurations = (
				AAB2355520E5103D00D09764 /* Debug */,
				AAB2355620E5103D00D09764 /* Release */,
			);
			defaultConfigurationIsVisible = 0;
			defaultConfigurationName = Release;
		};
		AAB2355720E5103D00D09764 /* Build configuration list for PBXNativeTarget "CDCoreDataFileSystemBlobTests" */ = {
			isa = XCConfigurationList;
			buildConfigurations = (
				AAB2355820E5103D00D09764 /* Debug */,
				AAB2355920E5103D00D09764 /* Release */,
			);
			defaultConfigurationIsVisible = 0;
			defaultConfigurationName = Release;
		};
/* End XCConfigurationList section */
	};
	rootObject = AAB2352F20E5103B00D09764 /* Project object */;
}
